// !$*UTF8*$!
{
	archiveVersion = 1;
	classes = {
	};
	objectVersion = 55;
	objects = {

/* Begin PBXBuildFile section */
		69ACE333392B947D85DD86CF /* Pods_testtask.framework in Frameworks */ = {isa = PBXBuildFile; fileRef = AA6AFA54420846BBB1CF95C5 /* Pods_testtask.framework */; };
		D5AAC2A427F0BFAE00A31DA2 /* NetworkModel.swift in Sources */ = {isa = PBXBuildFile; fileRef = D5AAC2A327F0BFAE00A31DA2 /* NetworkModel.swift */; };
		D5AAC2A627F0D04B00A31DA2 /* NetworkManager.swift in Sources */ = {isa = PBXBuildFile; fileRef = D5AAC2A527F0D04B00A31DA2 /* NetworkManager.swift */; };
		D5AAC2AC27F0D47F00A31DA2 /* CocktailsListViewPresenterProtocol.swift in Sources */ = {isa = PBXBuildFile; fileRef = D5AAC2AB27F0D47F00A31DA2 /* CocktailsListViewPresenterProtocol.swift */; };
		D5AAC2AE27F0D48B00A31DA2 /* CocktailsListViewPresenter.swift in Sources */ = {isa = PBXBuildFile; fileRef = D5AAC2AD27F0D48B00A31DA2 /* CocktailsListViewPresenter.swift */; };
		D5AAC2B127F0D4A700A31DA2 /* CocktailsListViewProtocol.swift in Sources */ = {isa = PBXBuildFile; fileRef = D5AAC2B027F0D4A700A31DA2 /* CocktailsListViewProtocol.swift */; };
		D5AAC2B527F36A4100A31DA2 /* Model.swift in Sources */ = {isa = PBXBuildFile; fileRef = D5AAC2B427F36A4100A31DA2 /* Model.swift */; };
		D5CBB6C127F0BC8D00C5D593 /* AppDelegate.swift in Sources */ = {isa = PBXBuildFile; fileRef = D5CBB6C027F0BC8D00C5D593 /* AppDelegate.swift */; };
		D5CBB6C527F0BC8D00C5D593 /* CocktailsListViewController.swift in Sources */ = {isa = PBXBuildFile; fileRef = D5CBB6C427F0BC8D00C5D593 /* CocktailsListViewController.swift */; };
		D5CBB6CA27F0BC9100C5D593 /* Assets.xcassets in Resources */ = {isa = PBXBuildFile; fileRef = D5CBB6C927F0BC9100C5D593 /* Assets.xcassets */; };
		D5CBB6CD27F0BC9100C5D593 /* LaunchScreen.storyboard in Resources */ = {isa = PBXBuildFile; fileRef = D5CBB6CB27F0BC9100C5D593 /* LaunchScreen.storyboard */; };
/* End PBXBuildFile section */

/* Begin PBXFileReference section */
		AA6AFA54420846BBB1CF95C5 /* Pods_testtask.framework */ = {isa = PBXFileReference; explicitFileType = wrapper.framework; includeInIndex = 0; path = Pods_testtask.framework; sourceTree = BUILT_PRODUCTS_DIR; };
		B67839BE81A21149F26BF2B4 /* Pods-testtask.debug.xcconfig */ = {isa = PBXFileReference; includeInIndex = 1; lastKnownFileType = text.xcconfig; name = "Pods-testtask.debug.xcconfig"; path = "Target Support Files/Pods-testtask/Pods-testtask.debug.xcconfig"; sourceTree = "<group>"; };
		D5AAC2A327F0BFAE00A31DA2 /* NetworkModel.swift */ = {isa = PBXFileReference; lastKnownFileType = sourcecode.swift; path = NetworkModel.swift; sourceTree = "<group>"; };
		D5AAC2A527F0D04B00A31DA2 /* NetworkManager.swift */ = {isa = PBXFileReference; lastKnownFileType = sourcecode.swift; path = NetworkManager.swift; sourceTree = "<group>"; };
		D5AAC2AB27F0D47F00A31DA2 /* CocktailsListViewPresenterProtocol.swift */ = {isa = PBXFileReference; lastKnownFileType = sourcecode.swift; path = CocktailsListViewPresenterProtocol.swift; sourceTree = "<group>"; };
		D5AAC2AD27F0D48B00A31DA2 /* CocktailsListViewPresenter.swift */ = {isa = PBXFileReference; lastKnownFileType = sourcecode.swift; path = CocktailsListViewPresenter.swift; sourceTree = "<group>"; };
		D5AAC2B027F0D4A700A31DA2 /* CocktailsListViewProtocol.swift */ = {isa = PBXFileReference; lastKnownFileType = sourcecode.swift; path = CocktailsListViewProtocol.swift; sourceTree = "<group>"; };
		D5AAC2B427F36A4100A31DA2 /* Model.swift */ = {isa = PBXFileReference; lastKnownFileType = sourcecode.swift; path = Model.swift; sourceTree = "<group>"; };
		D5CBB6BD27F0BC8D00C5D593 /* testtask.app */ = {isa = PBXFileReference; explicitFileType = wrapper.application; includeInIndex = 0; path = testtask.app; sourceTree = BUILT_PRODUCTS_DIR; };
		D5CBB6C027F0BC8D00C5D593 /* AppDelegate.swift */ = {isa = PBXFileReference; lastKnownFileType = sourcecode.swift; path = AppDelegate.swift; sourceTree = "<group>"; };
		D5CBB6C427F0BC8D00C5D593 /* CocktailsListViewController.swift */ = {isa = PBXFileReference; lastKnownFileType = sourcecode.swift; path = CocktailsListViewController.swift; sourceTree = "<group>"; };
		D5CBB6C927F0BC9100C5D593 /* Assets.xcassets */ = {isa = PBXFileReference; lastKnownFileType = folder.assetcatalog; path = Assets.xcassets; sourceTree = "<group>"; };
		D5CBB6CC27F0BC9100C5D593 /* Base */ = {isa = PBXFileReference; lastKnownFileType = file.storyboard; name = Base; path = Base.lproj/LaunchScreen.storyboard; sourceTree = "<group>"; };
		D5CBB6CE27F0BC9100C5D593 /* Info.plist */ = {isa = PBXFileReference; lastKnownFileType = text.plist.xml; path = Info.plist; sourceTree = "<group>"; };
		E561204639C5C8EF4B635A1F /* Pods-testtask.release.xcconfig */ = {isa = PBXFileReference; includeInIndex = 1; lastKnownFileType = text.xcconfig; name = "Pods-testtask.release.xcconfig"; path = "Target Support Files/Pods-testtask/Pods-testtask.release.xcconfig"; sourceTree = "<group>"; };
/* End PBXFileReference section */

/* Begin PBXFrameworksBuildPhase section */
		D5CBB6BA27F0BC8D00C5D593 /* Frameworks */ = {
			isa = PBXFrameworksBuildPhase;
			buildActionMask = 2147483647;
			files = (
				69ACE333392B947D85DD86CF /* Pods_testtask.framework in Frameworks */,
			);
			runOnlyForDeploymentPostprocessing = 0;
		};
/* End PBXFrameworksBuildPhase section */

/* Begin PBXGroup section */
		4202D3358A5AE8833257A25E /* Pods */ = {
			isa = PBXGroup;
			children = (
				B67839BE81A21149F26BF2B4 /* Pods-testtask.debug.xcconfig */,
				E561204639C5C8EF4B635A1F /* Pods-testtask.release.xcconfig */,
			);
			path = Pods;
			sourceTree = "<group>";
		};
		D26920D3547C14BFF407CD60 /* Frameworks */ = {
			isa = PBXGroup;
			children = (
				AA6AFA54420846BBB1CF95C5 /* Pods_testtask.framework */,
			);
			name = Frameworks;
			sourceTree = "<group>";
		};
		D5AAC2A727F0D3E600A31DA2 /* CocktailsListModule */ = {
			isa = PBXGroup;
			children = (
				D5AAC2A827F0D42400A31DA2 /* Model */,
				D5AAC2A927F0D43000A31DA2 /* View */,
				D5AAC2AA27F0D43500A31DA2 /* Presenter */,
			);
			path = CocktailsListModule;
			sourceTree = "<group>";
		};
		D5AAC2A827F0D42400A31DA2 /* Model */ = {
			isa = PBXGroup;
			children = (
				D5AAC2B427F36A4100A31DA2 /* Model.swift */,
			);
			path = Model;
			sourceTree = "<group>";
		};
		D5AAC2A927F0D43000A31DA2 /* View */ = {
			isa = PBXGroup;
			children = (
				D5AAC2B027F0D4A700A31DA2 /* CocktailsListViewProtocol.swift */,
				D5CBB6C427F0BC8D00C5D593 /* CocktailsListViewController.swift */,
			);
			path = View;
			sourceTree = "<group>";
		};
		D5AAC2AA27F0D43500A31DA2 /* Presenter */ = {
			isa = PBXGroup;
			children = (
				D5AAC2AB27F0D47F00A31DA2 /* CocktailsListViewPresenterProtocol.swift */,
				D5AAC2AD27F0D48B00A31DA2 /* CocktailsListViewPresenter.swift */,
			);
			path = Presenter;
			sourceTree = "<group>";
		};
		D5AAC2B227F0E33100A31DA2 /* Resources */ = {
			isa = PBXGroup;
			children = (
				D5CBB6CB27F0BC9100C5D593 /* LaunchScreen.storyboard */,
				D5CBB6C927F0BC9100C5D593 /* Assets.xcassets */,
				D5CBB6CE27F0BC9100C5D593 /* Info.plist */,
			);
			path = Resources;
			sourceTree = "<group>";
		};
		D5AAC2B327F369CF00A31DA2 /* Network */ = {
			isa = PBXGroup;
			children = (
				D5AAC2A527F0D04B00A31DA2 /* NetworkManager.swift */,
				D5AAC2A327F0BFAE00A31DA2 /* NetworkModel.swift */,
			);
			path = Network;
			sourceTree = "<group>";
		};
		D5CBB6B427F0BC8C00C5D593 = {
			isa = PBXGroup;
			children = (
				D5CBB6BF27F0BC8D00C5D593 /* testtask */,
				D5CBB6BE27F0BC8D00C5D593 /* Products */,
				4202D3358A5AE8833257A25E /* Pods */,
				D26920D3547C14BFF407CD60 /* Frameworks */,
			);
			sourceTree = "<group>";
		};
		D5CBB6BE27F0BC8D00C5D593 /* Products */ = {
			isa = PBXGroup;
			children = (
				D5CBB6BD27F0BC8D00C5D593 /* testtask.app */,
			);
			name = Products;
			sourceTree = "<group>";
		};
		D5CBB6BF27F0BC8D00C5D593 /* testtask */ = {
			isa = PBXGroup;
			children = (
				D5AAC2A727F0D3E600A31DA2 /* CocktailsListModule */,
				D5AAC2B327F369CF00A31DA2 /* Network */,
				D5CBB6C027F0BC8D00C5D593 /* AppDelegate.swift */,
				D5AAC2B227F0E33100A31DA2 /* Resources */,
			);
			path = testtask;
			sourceTree = "<group>";
		};
/* End PBXGroup section */

/* Begin PBXNativeTarget section */
		D5CBB6BC27F0BC8D00C5D593 /* testtask */ = {
			isa = PBXNativeTarget;
			buildConfigurationList = D5CBB6D127F0BC9100C5D593 /* Build configuration list for PBXNativeTarget "testtask" */;
			buildPhases = (
				55772728813E43C353C59B05 /* [CP] Check Pods Manifest.lock */,
				D5CBB6B927F0BC8D00C5D593 /* Sources */,
				D5CBB6BA27F0BC8D00C5D593 /* Frameworks */,
				D5CBB6BB27F0BC8D00C5D593 /* Resources */,
				B2D203622FEFB6AF7C38D41B /* [CP] Embed Pods Frameworks */,
			);
			buildRules = (
			);
			dependencies = (
			);
			name = testtask;
			productName = testtask;
			productReference = D5CBB6BD27F0BC8D00C5D593 /* testtask.app */;
			productType = "com.apple.product-type.application";
		};
/* End PBXNativeTarget section */

/* Begin PBXProject section */
		D5CBB6B527F0BC8C00C5D593 /* Project object */ = {
			isa = PBXProject;
			attributes = {
				BuildIndependentTargetsInParallel = 1;
				LastSwiftUpdateCheck = 1330;
				LastUpgradeCheck = 1330;
				TargetAttributes = {
					D5CBB6BC27F0BC8D00C5D593 = {
						CreatedOnToolsVersion = 13.3;
					};
				};
			};
			buildConfigurationList = D5CBB6B827F0BC8C00C5D593 /* Build configuration list for PBXProject "testtask" */;
			compatibilityVersion = "Xcode 13.0";
			developmentRegion = en;
			hasScannedForEncodings = 0;
			knownRegions = (
				en,
				Base,
			);
			mainGroup = D5CBB6B427F0BC8C00C5D593;
			productRefGroup = D5CBB6BE27F0BC8D00C5D593 /* Products */;
			projectDirPath = "";
			projectRoot = "";
			targets = (
				D5CBB6BC27F0BC8D00C5D593 /* testtask */,
			);
		};
/* End PBXProject section */

/* Begin PBXResourcesBuildPhase section */
		D5CBB6BB27F0BC8D00C5D593 /* Resources */ = {
			isa = PBXResourcesBuildPhase;
			buildActionMask = 2147483647;
			files = (
				D5CBB6CD27F0BC9100C5D593 /* LaunchScreen.storyboard in Resources */,
				D5CBB6CA27F0BC9100C5D593 /* Assets.xcassets in Resources */,
			);
			runOnlyForDeploymentPostprocessing = 0;
		};
/* End PBXResourcesBuildPhase section */

/* Begin PBXShellScriptBuildPhase section */
		55772728813E43C353C59B05 /* [CP] Check Pods Manifest.lock */ = {
			isa = PBXShellScriptBuildPhase;
			buildActionMask = 2147483647;
			files = (
			);
			inputFileListPaths = (
			);
			inputPaths = (
				"${PODS_PODFILE_DIR_PATH}/Podfile.lock",
				"${PODS_ROOT}/Manifest.lock",
			);
			name = "[CP] Check Pods Manifest.lock";
			outputFileListPaths = (
			);
			outputPaths = (
				"$(DERIVED_FILE_DIR)/Pods-testtask-checkManifestLockResult.txt",
			);
			runOnlyForDeploymentPostprocessing = 0;
			shellPath = /bin/sh;
			shellScript = "diff \"${PODS_PODFILE_DIR_PATH}/Podfile.lock\" \"${PODS_ROOT}/Manifest.lock\" > /dev/null\nif [ $? != 0 ] ; then\n    # print error to STDERR\n    echo \"error: The sandbox is not in sync with the Podfile.lock. Run 'pod install' or update your CocoaPods installation.\" >&2\n    exit 1\nfi\n# This output is used by Xcode 'outputs' to avoid re-running this script phase.\necho \"SUCCESS\" > \"${SCRIPT_OUTPUT_FILE_0}\"\n";
			showEnvVarsInLog = 0;
		};
		B2D203622FEFB6AF7C38D41B /* [CP] Embed Pods Frameworks */ = {
			isa = PBXShellScriptBuildPhase;
			buildActionMask = 2147483647;
			files = (
			);
			inputFileListPaths = (
				"${PODS_ROOT}/Target Support Files/Pods-testtask/Pods-testtask-frameworks-${CONFIGURATION}-input-files.xcfilelist",
			);
			name = "[CP] Embed Pods Frameworks";
			outputFileListPaths = (
				"${PODS_ROOT}/Target Support Files/Pods-testtask/Pods-testtask-frameworks-${CONFIGURATION}-output-files.xcfilelist",
			);
			runOnlyForDeploymentPostprocessing = 0;
			shellPath = /bin/sh;
			shellScript = "\"${PODS_ROOT}/Target Support Files/Pods-testtask/Pods-testtask-frameworks.sh\"\n";
			showEnvVarsInLog = 0;
		};
/* End PBXShellScriptBuildPhase section */

/* Begin PBXSourcesBuildPhase section */
		D5CBB6B927F0BC8D00C5D593 /* Sources */ = {
			isa = PBXSourcesBuildPhase;
			buildActionMask = 2147483647;
			files = (
				D5AAC2B127F0D4A700A31DA2 /* CocktailsListViewProtocol.swift in Sources */,
				D5AAC2AE27F0D48B00A31DA2 /* CocktailsListViewPresenter.swift in Sources */,
				D5CBB6C527F0BC8D00C5D593 /* CocktailsListViewController.swift in Sources */,
				D5AAC2A427F0BFAE00A31DA2 /* NetworkModel.swift in Sources */,
				D5CBB6C127F0BC8D00C5D593 /* AppDelegate.swift in Sources */,
				D5AAC2AC27F0D47F00A31DA2 /* CocktailsListViewPresenterProtocol.swift in Sources */,
				D5AAC2A627F0D04B00A31DA2 /* NetworkManager.swift in Sources */,
				D5AAC2B527F36A4100A31DA2 /* Model.swift in Sources */,
			);
			runOnlyForDeploymentPostprocessing = 0;
		};
/* End PBXSourcesBuildPhase section */

/* Begin PBXVariantGroup section */
		D5CBB6CB27F0BC9100C5D593 /* LaunchScreen.storyboard */ = {
			isa = PBXVariantGroup;
			children = (
				D5CBB6CC27F0BC9100C5D593 /* Base */,
			);
			name = LaunchScreen.storyboard;
			sourceTree = "<group>";
		};
/* End PBXVariantGroup section */

/* Begin XCBuildConfiguration section */
		D5CBB6CF27F0BC9100C5D593 /* Debug */ = {
			isa = XCBuildConfiguration;
			buildSettings = {
				ALWAYS_SEARCH_USER_PATHS = NO;
				CLANG_ANALYZER_NONNULL = YES;
				CLANG_ANALYZER_NUMBER_OBJECT_CONVERSION = YES_AGGRESSIVE;
				CLANG_CXX_LANGUAGE_STANDARD = "gnu++17";
				CLANG_ENABLE_MODULES = YES;
				CLANG_ENABLE_OBJC_ARC = YES;
				CLANG_ENABLE_OBJC_WEAK = YES;
				CLANG_WARN_BLOCK_CAPTURE_AUTORELEASING = YES;
				CLANG_WARN_BOOL_CONVERSION = YES;
				CLANG_WARN_COMMA = YES;
				CLANG_WARN_CONSTANT_CONVERSION = YES;
				CLANG_WARN_DEPRECATED_OBJC_IMPLEMENTATIONS = YES;
				CLANG_WARN_DIRECT_OBJC_ISA_USAGE = YES_ERROR;
				CLANG_WARN_DOCUMENTATION_COMMENTS = YES;
				CLANG_WARN_EMPTY_BODY = YES;
				CLANG_WARN_ENUM_CONVERSION = YES;
				CLANG_WARN_INFINITE_RECURSION = YES;
				CLANG_WARN_INT_CONVERSION = YES;
				CLANG_WARN_NON_LITERAL_NULL_CONVERSION = YES;
				CLANG_WARN_OBJC_IMPLICIT_RETAIN_SELF = YES;
				CLANG_WARN_OBJC_LITERAL_CONVERSION = YES;
				CLANG_WARN_OBJC_ROOT_CLASS = YES_ERROR;
				CLANG_WARN_QUOTED_INCLUDE_IN_FRAMEWORK_HEADER = YES;
				CLANG_WARN_RANGE_LOOP_ANALYSIS = YES;
				CLANG_WARN_STRICT_PROTOTYPES = YES;
				CLANG_WARN_SUSPICIOUS_MOVE = YES;
				CLANG_WARN_UNGUARDED_AVAILABILITY = YES_AGGRESSIVE;
				CLANG_WARN_UNREACHABLE_CODE = YES;
				CLANG_WARN__DUPLICATE_METHOD_MATCH = YES;
				COPY_PHASE_STRIP = NO;
				DEBUG_INFORMATION_FORMAT = dwarf;
				ENABLE_STRICT_OBJC_MSGSEND = YES;
				ENABLE_TESTABILITY = YES;
				GCC_C_LANGUAGE_STANDARD = gnu11;
				GCC_DYNAMIC_NO_PIC = NO;
				GCC_NO_COMMON_BLOCKS = YES;
				GCC_OPTIMIZATION_LEVEL = 0;
				GCC_PREPROCESSOR_DEFINITIONS = (
					"DEBUG=1",
					"$(inherited)",
				);
				GCC_WARN_64_TO_32_BIT_CONVERSION = YES;
				GCC_WARN_ABOUT_RETURN_TYPE = YES_ERROR;
				GCC_WARN_UNDECLARED_SELECTOR = YES;
				GCC_WARN_UNINITIALIZED_AUTOS = YES_AGGRESSIVE;
				GCC_WARN_UNUSED_FUNCTION = YES;
				GCC_WARN_UNUSED_VARIABLE = YES;
				IPHONEOS_DEPLOYMENT_TARGET = 15.4;
				MTL_ENABLE_DEBUG_INFO = INCLUDE_SOURCE;
				MTL_FAST_MATH = YES;
				ONLY_ACTIVE_ARCH = YES;
				SDKROOT = iphoneos;
				SWIFT_ACTIVE_COMPILATION_CONDITIONS = DEBUG;
				SWIFT_OPTIMIZATION_LEVEL = "-Onone";
			};
			name = Debug;
		};
		D5CBB6D027F0BC9100C5D593 /* Release */ = {
			isa = XCBuildConfiguration;
			buildSettings = {
				ALWAYS_SEARCH_USER_PATHS = NO;
				CLANG_ANALYZER_NONNULL = YES;
				CLANG_ANALYZER_NUMBER_OBJECT_CONVERSION = YES_AGGRESSIVE;
				CLANG_CXX_LANGUAGE_STANDARD = "gnu++17";
				CLANG_ENABLE_MODULES = YES;
				CLANG_ENABLE_OBJC_ARC = YES;
				CLANG_ENABLE_OBJC_WEAK = YES;
				CLANG_WARN_BLOCK_CAPTURE_AUTORELEASING = YES;
				CLANG_WARN_BOOL_CONVERSION = YES;
				CLANG_WARN_COMMA = YES;
				CLANG_WARN_CONSTANT_CONVERSION = YES;
				CLANG_WARN_DEPRECATED_OBJC_IMPLEMENTATIONS = YES;
				CLANG_WARN_DIRECT_OBJC_ISA_USAGE = YES_ERROR;
				CLANG_WARN_DOCUMENTATION_COMMENTS = YES;
				CLANG_WARN_EMPTY_BODY = YES;
				CLANG_WARN_ENUM_CONVERSION = YES;
				CLANG_WARN_INFINITE_RECURSION = YES;
				CLANG_WARN_INT_CONVERSION = YES;
				CLANG_WARN_NON_LITERAL_NULL_CONVERSION = YES;
				CLANG_WARN_OBJC_IMPLICIT_RETAIN_SELF = YES;
				CLANG_WARN_OBJC_LITERAL_CONVERSION = YES;
				CLANG_WARN_OBJC_ROOT_CLASS = YES_ERROR;
				CLANG_WARN_QUOTED_INCLUDE_IN_FRAMEWORK_HEADER = YES;
				CLANG_WARN_RANGE_LOOP_ANALYSIS = YES;
				CLANG_WARN_STRICT_PROTOTYPES = YES;
				CLANG_WARN_SUSPICIOUS_MOVE = YES;
				CLANG_WARN_UNGUARDED_AVAILABILITY = YES_AGGRESSIVE;
				CLANG_WARN_UNREACHABLE_CODE = YES;
				CLANG_WARN__DUPLICATE_METHOD_MATCH = YES;
				COPY_PHASE_STRIP = NO;
				DEBUG_INFORMATION_FORMAT = "dwarf-with-dsym";
				ENABLE_NS_ASSERTIONS = NO;
				ENABLE_STRICT_OBJC_MSGSEND = YES;
				GCC_C_LANGUAGE_STANDARD = gnu11;
				GCC_NO_COMMON_BLOCKS = YES;
				GCC_WARN_64_TO_32_BIT_CONVERSION = YES;
				GCC_WARN_ABOUT_RETURN_TYPE = YES_ERROR;
				GCC_WARN_UNDECLARED_SELECTOR = YES;
				GCC_WARN_UNINITIALIZED_AUTOS = YES_AGGRESSIVE;
				GCC_WARN_UNUSED_FUNCTION = YES;
				GCC_WARN_UNUSED_VARIABLE = YES;
				IPHONEOS_DEPLOYMENT_TARGET = 15.4;
				MTL_ENABLE_DEBUG_INFO = NO;
				MTL_FAST_MATH = YES;
				SDKROOT = iphoneos;
				SWIFT_COMPILATION_MODE = wholemodule;
				SWIFT_OPTIMIZATION_LEVEL = "-O";
				VALIDATE_PRODUCT = YES;
			};
			name = Release;
		};
		D5CBB6D227F0BC9100C5D593 /* Debug */ = {
			isa = XCBuildConfiguration;
			baseConfigurationReference = B67839BE81A21149F26BF2B4 /* Pods-testtask.debug.xcconfig */;
			buildSettings = {
				ASSETCATALOG_COMPILER_APPICON_NAME = AppIcon;
				ASSETCATALOG_COMPILER_GLOBAL_ACCENT_COLOR_NAME = AccentColor;
				CODE_SIGN_STYLE = Automatic;
				CURRENT_PROJECT_VERSION = 1;
				DEVELOPMENT_TEAM = 378N5VGA26;
				GENERATE_INFOPLIST_FILE = YES;
				INFOPLIST_FILE = testtask/Resources/Info.plist;
				INFOPLIST_KEY_UIApplicationSupportsIndirectInputEvents = YES;
				INFOPLIST_KEY_UILaunchStoryboardName = LaunchScreen;
				INFOPLIST_KEY_UISupportedInterfaceOrientations = UIInterfaceOrientationPortrait;
				INFOPLIST_KEY_UISupportedInterfaceOrientations_iPad = "UIInterfaceOrientationPortrait UIInterfaceOrientationPortraitUpsideDown UIInterfaceOrientationLandscapeLeft UIInterfaceOrientationLandscapeRight";
				INFOPLIST_KEY_UISupportedInterfaceOrientations_iPhone = "UIInterfaceOrientationPortrait UIInterfaceOrientationLandscapeLeft UIInterfaceOrientationLandscapeRight";
				LD_RUNPATH_SEARCH_PATHS = (
					"$(inherited)",
					"@executable_path/Frameworks",
				);
				MARKETING_VERSION = 1.0;
				PRODUCT_BUNDLE_IDENTIFIER = com.yatskovets.testtask;
				PRODUCT_NAME = "$(TARGET_NAME)";
				SWIFT_EMIT_LOC_STRINGS = YES;
				SWIFT_VERSION = 5.0;
				TARGETED_DEVICE_FAMILY = "1,2";
			};
			name = Debug;
		};
		D5CBB6D327F0BC9100C5D593 /* Release */ = {
			isa = XCBuildConfiguration;
			baseConfigurationReference = E561204639C5C8EF4B635A1F /* Pods-testtask.release.xcconfig */;
			buildSettings = {
				ASSETCATALOG_COMPILER_APPICON_NAME = AppIcon;
				ASSETCATALOG_COMPILER_GLOBAL_ACCENT_COLOR_NAME = AccentColor;
				CODE_SIGN_STYLE = Automatic;
				CURRENT_PROJECT_VERSION = 1;
				DEVELOPMENT_TEAM = 378N5VGA26;
				GENERATE_INFOPLIST_FILE = YES;
				INFOPLIST_FILE = testtask/Resources/Info.plist;
				INFOPLIST_KEY_UIApplicationSupportsIndirectInputEvents = YES;
				INFOPLIST_KEY_UILaunchStoryboardName = LaunchScreen;
				INFOPLIST_KEY_UISupportedInterfaceOrientations = UIInterfaceOrientationPortrait;
				INFOPLIST_KEY_UISupportedInterfaceOrientations_iPad = "UIInterfaceOrientationPortrait UIInterfaceOrientationPortraitUpsideDown UIInterfaceOrientationLandscapeLeft UIInterfaceOrientationLandscapeRight";
				INFOPLIST_KEY_UISupportedInterfaceOrientations_iPhone = "UIInterfaceOrientationPortrait UIInterfaceOrientationLandscapeLeft UIInterfaceOrientationLandscapeRight";
				LD_RUNPATH_SEARCH_PATHS = (
					"$(inherited)",
					"@executable_path/Frameworks",
				);
				MARKETING_VERSION = 1.0;
				PRODUCT_BUNDLE_IDENTIFIER = com.yatskovets.testtask;
				PRODUCT_NAME = "$(TARGET_NAME)";
				SWIFT_EMIT_LOC_STRINGS = YES;
				SWIFT_VERSION = 5.0;
				TARGETED_DEVICE_FAMILY = "1,2";
			};
			name = Release;
		};
/* End XCBuildConfiguration section */

/* Begin XCConfigurationList section */
		D5CBB6B827F0BC8C00C5D593 /* Build configuration list for PBXProject "testtask" */ = {
			isa = XCConfigurationList;
			buildConfigurations = (
				D5CBB6CF27F0BC9100C5D593 /* Debug */,
				D5CBB6D027F0BC9100C5D593 /* Release */,
			);
			defaultConfigurationIsVisible = 0;
			defaultConfigurationName = Release;
		};
		D5CBB6D127F0BC9100C5D593 /* Build configuration list for PBXNativeTarget "testtask" */ = {
			isa = XCConfigurationList;
			buildConfigurations = (
				D5CBB6D227F0BC9100C5D593 /* Debug */,
				D5CBB6D327F0BC9100C5D593 /* Release */,
			);
			defaultConfigurationIsVisible = 0;
			defaultConfigurationName = Release;
		};
/* End XCConfigurationList section */
	};
	rootObject = D5CBB6B527F0BC8C00C5D593 /* Project object */;
}
